
Microsoft Visual Studio Solution File, Format Version 12.00
# Visual Studio Version 16
VisualStudioVersion = 16.0.31613.86
MinimumVisualStudioVersion = 10.0.40219.1
Project("{FAE04EC0-301F-11D3-BF4B-00C04F79EFBC}") = "ShoppingCart", "ShoppingCart\ShoppingCart.csproj", "{A786DE55-86AB-45CF-9900-F30332493696}"
EndProject
Global
	GlobalSection(SolutionConfigurationPlatforms) = preSolution
		Debug|Any CPU = Debug|Any CPU
		Release|Any CPU = Release|Any CPU
	EndGlobalSection
	GlobalSection(ProjectConfigurationPlatforms) = postSolution
		{A786DE55-86AB-45CF-9900-F30332493696}.Debug|Any CPU.ActiveCfg = Debug|Any CPU
		{A786DE55-86AB-45CF-9900-F30332493696}.Debug|Any CPU.Build.0 = Debug|Any CPU
		{A786DE55-86AB-45CF-9900-F30332493696}.Release|Any CPU.ActiveCfg = Release|Any CPU
		{A786DE55-86AB-45CF-9900-F30332493696}.Release|Any CPU.Build.0 = Release|Any CPU
	EndGlobalSection
	GlobalSection(SolutionProperties) = preSolution
		HideSolutionNode = FALSE
	EndGlobalSection
	GlobalSection(ExtensibilityGlobals) = postSolution
		SolutionGuid = {57BDF6B8-C67D-412B-A9C8-4FDA2B2F38B6}
	EndGlobalSection
EndGlobal
